// !$*UTF8*$!
{
	archiveVersion = 1;
	classes = {
	};
	objectVersion = 46;
	objects = {

/* Begin PBXBuildFile section */
		66C649281B394EE30056D5A7 /* AppDelegate.swift in Sources */ = {isa = PBXBuildFile; fileRef = 66C649271B394EE30056D5A7 /* AppDelegate.swift */; };
		66C6492D1B394EE30056D5A7 /* ViewController.swift in Sources */ = {isa = PBXBuildFile; fileRef = 66C6492C1B394EE30056D5A7 /* ViewController.swift */; };
		66C649301B394EE30056D5A7 /* Main.storyboard in Resources */ = {isa = PBXBuildFile; fileRef = 66C6492E1B394EE30056D5A7 /* Main.storyboard */; };
		66C649351B394EE30056D5A7 /* LaunchScreen.xib in Resources */ = {isa = PBXBuildFile; fileRef = 66C649331B394EE30056D5A7 /* LaunchScreen.xib */; };
		66C649411B394EE30056D5A7 /* SlotMachineTests.swift in Sources */ = {isa = PBXBuildFile; fileRef = 66C649401B394EE30056D5A7 /* SlotMachineTests.swift */; };
		66C649521B3A9A6E0056D5A7 /* Slot.swift in Sources */ = {isa = PBXBuildFile; fileRef = 66C649511B3A9A6E0056D5A7 /* Slot.swift */; };
		66C649541B3A9E7C0056D5A7 /* Images-3.xcassets in Resources */ = {isa = PBXBuildFile; fileRef = 66C649531B3A9E7C0056D5A7 /* Images-3.xcassets */; };
		66C649561B3AA8410056D5A7 /* Factory.swift in Sources */ = {isa = PBXBuildFile; fileRef = 66C649551B3AA8410056D5A7 /* Factory.swift */; };
/* End PBXBuildFile section */

/* Begin PBXContainerItemProxy section */
		66C6493B1B394EE30056D5A7 /* PBXContainerItemProxy */ = {
			isa = PBXContainerItemProxy;
			containerPortal = 66C6491A1B394EE30056D5A7 /* Project object */;
			proxyType = 1;
			remoteGlobalIDString = 66C649211B394EE30056D5A7;
			remoteInfo = SlotMachine;
		};
/* End PBXContainerItemProxy section */

/* Begin PBXFileReference section */
		66C649221B394EE30056D5A7 /* SlotMachine.app */ = {isa = PBXFileReference; explicitFileType = wrapper.application; includeInIndex = 0; path = SlotMachine.app; sourceTree = BUILT_PRODUCTS_DIR; };
		66C649261B394EE30056D5A7 /* Info.plist */ = {isa = PBXFileReference; lastKnownFileType = text.plist.xml; path = Info.plist; sourceTree = "<group>"; };
		66C649271B394EE30056D5A7 /* AppDelegate.swift */ = {isa = PBXFileReference; lastKnownFileType = sourcecode.swift; path = AppDelegate.swift; sourceTree = "<group>"; };
		66C6492C1B394EE30056D5A7 /* ViewController.swift */ = {isa = PBXFileReference; lastKnownFileType = sourcecode.swift; path = ViewController.swift; sourceTree = "<group>"; };
		66C6492F1B394EE30056D5A7 /* Base */ = {isa = PBXFileReference; lastKnownFileType = file.storyboard; name = Base; path = Base.lproj/Main.storyboard; sourceTree = "<group>"; };
		66C649341B394EE30056D5A7 /* Base */ = {isa = PBXFileReference; lastKnownFileType = file.xib; name = Base; path = Base.lproj/LaunchScreen.xib; sourceTree = "<group>"; };
		66C6493A1B394EE30056D5A7 /* SlotMachineTests.xctest */ = {isa = PBXFileReference; explicitFileType = wrapper.cfbundle; includeInIndex = 0; path = SlotMachineTests.xctest; sourceTree = BUILT_PRODUCTS_DIR; };
		66C6493F1B394EE30056D5A7 /* Info.plist */ = {isa = PBXFileReference; lastKnownFileType = text.plist.xml; path = Info.plist; sourceTree = "<group>"; };
		66C649401B394EE30056D5A7 /* SlotMachineTests.swift */ = {isa = PBXFileReference; lastKnownFileType = sourcecode.swift; path = SlotMachineTests.swift; sourceTree = "<group>"; };
		66C649511B3A9A6E0056D5A7 /* Slot.swift */ = {isa = PBXFileReference; fileEncoding = 4; lastKnownFileType = sourcecode.swift; path = Slot.swift; sourceTree = "<group>"; };
		66C649531B3A9E7C0056D5A7 /* Images-3.xcassets */ = {isa = PBXFileReference; lastKnownFileType = folder.assetcatalog; path = "Images-3.xcassets"; sourceTree = "<group>"; };
		66C649551B3AA8410056D5A7 /* Factory.swift */ = {isa = PBXFileReference; fileEncoding = 4; lastKnownFileType = sourcecode.swift; path = Factory.swift; sourceTree = "<group>"; };
/* End PBXFileReference section */

/* Begin PBXFrameworksBuildPhase section */
		66C6491F1B394EE30056D5A7 /* Frameworks */ = {
			isa = PBXFrameworksBuildPhase;
			buildActionMask = 2147483647;
			files = (
			);
			runOnlyForDeploymentPostprocessing = 0;
		};
		66C649371B394EE30056D5A7 /* Frameworks */ = {
			isa = PBXFrameworksBuildPhase;
			buildActionMask = 2147483647;
			files = (
			);
			runOnlyForDeploymentPostprocessing = 0;
		};
/* End PBXFrameworksBuildPhase section */

/* Begin PBXGroup section */
		66C649191B394EE30056D5A7 = {
			isa = PBXGroup;
			children = (
				66C649241B394EE30056D5A7 /* SlotMachine */,
				66C6493D1B394EE30056D5A7 /* SlotMachineTests */,
				66C649231B394EE30056D5A7 /* Products */,
			);
			sourceTree = "<group>";
		};
		66C649231B394EE30056D5A7 /* Products */ = {
			isa = PBXGroup;
			children = (
				66C649221B394EE30056D5A7 /* SlotMachine.app */,
				66C6493A1B394EE30056D5A7 /* SlotMachineTests.xctest */,
			);
			name = Products;
			sourceTree = "<group>";
		};
		66C649241B394EE30056D5A7 /* SlotMachine */ = {
			isa = PBXGroup;
			children = (
				66C649271B394EE30056D5A7 /* AppDelegate.swift */,
				66C6492C1B394EE30056D5A7 /* ViewController.swift */,
				66C649511B3A9A6E0056D5A7 /* Slot.swift */,
				66C649551B3AA8410056D5A7 /* Factory.swift */,
				66C6492E1B394EE30056D5A7 /* Main.storyboard */,
				66C649331B394EE30056D5A7 /* LaunchScreen.xib */,
				66C649531B3A9E7C0056D5A7 /* Images-3.xcassets */,
				66C649251B394EE30056D5A7 /* Supporting Files */,
			);
			path = SlotMachine;
			sourceTree = "<group>";
		};
		66C649251B394EE30056D5A7 /* Supporting Files */ = {
			isa = PBXGroup;
			children = (
				66C649261B394EE30056D5A7 /* Info.plist */,
			);
			name = "Supporting Files";
			sourceTree = "<group>";
		};
		66C6493D1B394EE30056D5A7 /* SlotMachineTests */ = {
			isa = PBXGroup;
			children = (
				66C649401B394EE30056D5A7 /* SlotMachineTests.swift */,
				66C6493E1B394EE30056D5A7 /* Supporting Files */,
			);
			path = SlotMachineTests;
			sourceTree = "<group>";
		};
		66C6493E1B394EE30056D5A7 /* Supporting Files */ = {
			isa = PBXGroup;
			children = (
				66C6493F1B394EE30056D5A7 /* Info.plist */,
			);
			name = "Supporting Files";
			sourceTree = "<group>";
		};
/* End PBXGroup section */

/* Begin PBXNativeTarget section */
		66C649211B394EE30056D5A7 /* SlotMachine */ = {
			isa = PBXNativeTarget;
			buildConfigurationList = 66C649441B394EE30056D5A7 /* Build configuration list for PBXNativeTarget "SlotMachine" */;
			buildPhases = (
				66C6491E1B394EE30056D5A7 /* Sources */,
				66C6491F1B394EE30056D5A7 /* Frameworks */,
				66C649201B394EE30056D5A7 /* Resources */,
			);
			buildRules = (
			);
			dependencies = (
			);
			name = SlotMachine;
			productName = SlotMachine;
			productReference = 66C649221B394EE30056D5A7 /* SlotMachine.app */;
			productType = "com.apple.product-type.application";
		};
		66C649391B394EE30056D5A7 /* SlotMachineTests */ = {
			isa = PBXNativeTarget;
			buildConfigurationList = 66C649471B394EE30056D5A7 /* Build configuration list for PBXNativeTarget "SlotMachineTests" */;
			buildPhases = (
				66C649361B394EE30056D5A7 /* Sources */,
				66C649371B394EE30056D5A7 /* Frameworks */,
				66C649381B394EE30056D5A7 /* Resources */,
			);
			buildRules = (
			);
			dependencies = (
				66C6493C1B394EE30056D5A7 /* PBXTargetDependency */,
			);
			name = SlotMachineTests;
			productName = SlotMachineTests;
			productReference = 66C6493A1B394EE30056D5A7 /* SlotMachineTests.xctest */;
			productType = "com.apple.product-type.bundle.unit-test";
		};
/* End PBXNativeTarget section */

/* Begin PBXProject section */
		66C6491A1B394EE30056D5A7 /* Project object */ = {
			isa = PBXProject;
			attributes = {
				LastUpgradeCheck = 0630;
				ORGANIZATIONNAME = "Nowak Adam";
				TargetAttributes = {
					66C649211B394EE30056D5A7 = {
						CreatedOnToolsVersion = 6.3.2;
					};
					66C649391B394EE30056D5A7 = {
						CreatedOnToolsVersion = 6.3.2;
						TestTargetID = 66C649211B394EE30056D5A7;
					};
				};
			};
			buildConfigurationList = 66C6491D1B394EE30056D5A7 /* Build configuration list for PBXProject "SlotMachine" */;
			compatibilityVersion = "Xcode 3.2";
			developmentRegion = English;
			hasScannedForEncodings = 0;
			knownRegions = (
				en,
				Base,
			);
			mainGroup = 66C649191B394EE30056D5A7;
			productRefGroup = 66C649231B394EE30056D5A7 /* Products */;
			projectDirPath = "";
			projectRoot = "";
			targets = (
				66C649211B394EE30056D5A7 /* SlotMachine */,
				66C649391B394EE30056D5A7 /* SlotMachineTests */,
			);
		};
/* End PBXProject section */

/* Begin PBXResourcesBuildPhase section */
		66C649201B394EE30056D5A7 /* Resources */ = {
			isa = PBXResourcesBuildPhase;
			buildActionMask = 2147483647;
			files = (
				66C649301B394EE30056D5A7 /* Main.storyboard in Resources */,
				66C649541B3A9E7C0056D5A7 /* Images-3.xcassets in Resources */,
				66C649351B394EE30056D5A7 /* LaunchScreen.xib in Resources */,
			);
			runOnlyForDeploymentPostprocessing = 0;
		};
		66C649381B394EE30056D5A7 /* Resources */ = {
			isa = PBXResourcesBuildPhase;
			buildActionMask = 2147483647;
			files = (
			);
			runOnlyForDeploymentPostprocessing = 0;
		};
/* End PBXResourcesBuildPhase section */

/* Begin PBXSourcesBuildPhase section */
		66C6491E1B394EE30056D5A7 /* Sources */ = {
			isa = PBXSourcesBuildPhase;
			buildActionMask = 2147483647;
			files = (
				66C6492D1B394EE30056D5A7 /* ViewController.swift in Sources */,
				66C649281B394EE30056D5A7 /* AppDelegate.swift in Sources */,
				66C649521B3A9A6E0056D5A7 /* Slot.swift in Sources */,
				66C649561B3AA8410056D5A7 /* Factory.swift in Sources */,
			);
			runOnlyForDeploymentPostprocessing = 0;
		};
		66C649361B394EE30056D5A7 /* Sources */ = {
			isa = PBXSourcesBuildPhase;
			buildActionMask = 2147483647;
			files = (
				66C649411B394EE30056D5A7 /* SlotMachineTests.swift in Sources */,
			);
			runOnlyForDeploymentPostprocessing = 0;
		};
/* End PBXSourcesBuildPhase section */

/* Begin PBXTargetDependency section */
		66C6493C1B394EE30056D5A7 /* PBXTargetDependency */ = {
			isa = PBXTargetDependency;
			target = 66C649211B394EE30056D5A7 /* SlotMachine */;
			targetProxy = 66C6493B1B394EE30056D5A7 /* PBXContainerItemProxy */;
		};
/* End PBXTargetDependency section */

/* Begin PBXVariantGroup section */
		66C6492E1B394EE30056D5A7 /* Main.storyboard */ = {
			isa = PBXVariantGroup;
			children = (
				66C6492F1B394EE30056D5A7 /* Base */,
			);
			name = Main.storyboard;
			sourceTree = "<group>";
		};
		66C649331B394EE30056D5A7 /* LaunchScreen.xib */ = {
			isa = PBXVariantGroup;
			children = (
				66C649341B394EE30056D5A7 /* Base */,
			);
			name = LaunchScreen.xib;
			sourceTree = "<group>";
		};
/* End PBXVariantGroup section */

/* Begin XCBuildConfiguration section */
		66C649421B394EE30056D5A7 /* Debug */ = {
			isa = XCBuildConfiguration;
			buildSettings = {
				ALWAYS_SEARCH_USER_PATHS = NO;
				CLANG_CXX_LANGUAGE_STANDARD = "gnu++0x";
				CLANG_CXX_LIBRARY = "libc++";
				CLANG_ENABLE_MODULES = YES;
				CLANG_ENABLE_OBJC_ARC = YES;
				CLANG_WARN_BOOL_CONVERSION = YES;
				CLANG_WARN_CONSTANT_CONVERSION = YES;
				CLANG_WARN_DIRECT_OBJC_ISA_USAGE = YES_ERROR;
				CLANG_WARN_EMPTY_BODY = YES;
				CLANG_WARN_ENUM_CONVERSION = YES;
				CLANG_WARN_INT_CONVERSION = YES;
				CLANG_WARN_OBJC_ROOT_CLASS = YES_ERROR;
				CLANG_WARN_UNREACHABLE_CODE = YES;
				CLANG_WARN__DUPLICATE_METHOD_MATCH = YES;
				CODE_SIGN_IDENTITY = "-";
				"CODE_SIGN_IDENTITY[sdk=iphoneos*]" = "-";
				COPY_PHASE_STRIP = NO;
				DEBUG_INFORMATION_FORMAT = "dwarf-with-dsym";
				ENABLE_STRICT_OBJC_MSGSEND = YES;
				GCC_C_LANGUAGE_STANDARD = gnu99;
				GCC_DYNAMIC_NO_PIC = NO;
				GCC_NO_COMMON_BLOCKS = YES;
				GCC_OPTIMIZATION_LEVEL = 0;
				GCC_PREPROCESSOR_DEFINITIONS = (
					"DEBUG=1",
					"$(inherited)",
				);
				GCC_SYMBOLS_PRIVATE_EXTERN = NO;
				GCC_WARN_64_TO_32_BIT_CONVERSION = YES;
				GCC_WARN_ABOUT_RETURN_TYPE = YES_ERROR;
				GCC_WARN_UNDECLARED_SELECTOR = YES;
				GCC_WARN_UNINITIALIZED_AUTOS = YES_AGGRESSIVE;
				GCC_WARN_UNUSED_FUNCTION = YES;
				GCC_WARN_UNUSED_VARIABLE = YES;
				IPHONEOS_DEPLOYMENT_TARGET = 7.1;
				MTL_ENABLE_DEBUG_INFO = YES;
				ONLY_ACTIVE_ARCH = YES;
				SDKROOT = iphoneos;
				SWIFT_OPTIMIZATION_LEVEL = "-Onone";
			};
			name = Debug;
		};
		66C649431B394EE30056D5A7 /* Release */ = {
			isa = XCBuildConfiguration;
			buildSettings = {
				ALWAYS_SEARCH_USER_PATHS = NO;
				CLANG_CXX_LANGUAGE_STANDARD = "gnu++0x";
				CLANG_CXX_LIBRARY = "libc++";
				CLANG_ENABLE_MODULES = YES;
				CLANG_ENABLE_OBJC_ARC = YES;
				CLANG_WARN_BOOL_CONVERSION = YES;
				CLANG_WARN_CONSTANT_CONVERSION = YES;
				CLANG_WARN_DIRECT_OBJC_ISA_USAGE = YES_ERROR;
				CLANG_WARN_EMPTY_BODY = YES;
				CLANG_WARN_ENUM_CONVERSION = YES;
				CLANG_WARN_INT_CONVERSION = YES;
				CLANG_WARN_OBJC_ROOT_CLASS = YES_ERROR;
				CLANG_WARN_UNREACHABLE_CODE = YES;
				CLANG_WARN__DUPLICATE_METHOD_MATCH = YES;
				CODE_SIGN_IDENTITY = "-";
				"CODE_SIGN_IDENTITY[sdk=iphoneos*]" = "-";
				COPY_PHASE_STRIP = NO;
				DEBUG_INFORMATION_FORMAT = "dwarf-with-dsym";
				ENABLE_NS_ASSERTIONS = NO;
				ENABLE_STRICT_OBJC_MSGSEND = YES;
				GCC_C_LANGUAGE_STANDARD = gnu99;
				GCC_NO_COMMON_BLOCKS = YES;
				GCC_WARN_64_TO_32_BIT_CONVERSION = YES;
				GCC_WARN_ABOUT_RETURN_TYPE = YES_ERROR;
				GCC_WARN_UNDECLARED_SELECTOR = YES;
				GCC_WARN_UNINITIALIZED_AUTOS = YES_AGGRESSIVE;
				GCC_WARN_UNUSED_FUNCTION = YES;
				GCC_WARN_UNUSED_VARIABLE = YES;
				IPHONEOS_DEPLOYMENT_TARGET = 7.1;
				MTL_ENABLE_DEBUG_INFO = NO;
				SDKROOT = iphoneos;
				VALIDATE_PRODUCT = YES;
			};
			name = Release;
		};
		66C649451B394EE30056D5A7 /* Debug */ = {
			isa = XCBuildConfiguration;
			buildSettings = {
				ASSETCATALOG_COMPILER_APPICON_NAME = AppIcon;
				ASSETCATALOG_COMPILER_LAUNCHIMAGE_NAME = LaunchImage;
				CODE_SIGN_IDENTITY = "-";
				INFOPLIST_FILE = SlotMachine/Info.plist;
				IPHONEOS_DEPLOYMENT_TARGET = 7.1;
				LD_RUNPATH_SEARCH_PATHS = "$(inherited) @executable_path/Frameworks";
				PRODUCT_NAME = "$(TARGET_NAME)";
			};
			name = Debug;
		};
		66C649461B394EE30056D5A7 /* Release */ = {
			isa = XCBuildConfiguration;
			buildSettings = {
				ASSETCATALOG_COMPILER_APPICON_NAME = AppIcon;
				ASSETCATALOG_COMPILER_LAUNCHIMAGE_NAME = LaunchImage;
				CODE_SIGN_IDENTITY = "-";
				INFOPLIST_FILE = SlotMachine/Info.plist;
				IPHONEOS_DEPLOYMENT_TARGET = 7.1;
				LD_RUNPATH_SEARCH_PATHS = "$(inherited) @executable_path/Frameworks";
				PRODUCT_NAME = "$(TARGET_NAME)";
			};
			name = Release;
		};
		66C649481B394EE30056D5A7 /* Debug */ = {
			isa = XCBuildConfiguration;
			buildSettings = {
				BUNDLE_LOADER = "$(TEST_HOST)";
				FRAMEWORK_SEARCH_PATHS = (
					"$(SDKROOT)/Developer/Library/Frameworks",
					"$(inherited)",
				);
				GCC_PREPROCESSOR_DEFINITIONS = (
					"DEBUG=1",
					"$(inherited)",
				);
				INFOPLIST_FILE = SlotMachineTests/Info.plist;
				LD_RUNPATH_SEARCH_PATHS = "$(inherited) @executable_path/Frameworks @loader_path/Frameworks";
				PRODUCT_NAME = "$(TARGET_NAME)";
				TEST_HOST = "$(BUILT_PRODUCTS_DIR)/SlotMachine.app/SlotMachine";
			};
			name = Debug;
		};
		66C649491B394EE30056D5A7 /* Release */ = {
			isa = XCBuildConfiguration;
			buildSettings = {
				BUNDLE_LOADER = "$(TEST_HOST)";
				FRAMEWORK_SEARCH_PATHS = (
					"$(SDKROOT)/Developer/Library/Frameworks",
					"$(inherited)",
				);
				INFOPLIST_FILE = SlotMachineTests/Info.plist;
				LD_RUNPATH_SEARCH_PATHS = "$(inherited) @executable_path/Frameworks @loader_path/Frameworks";
				PRODUCT_NAME = "$(TARGET_NAME)";
				TEST_HOST = "$(BUILT_PRODUCTS_DIR)/SlotMachine.app/SlotMachine";
			};
			name = Release;
		};
/* End XCBuildConfiguration section */

/* Begin XCConfigurationList section */
		66C6491D1B394EE30056D5A7 /* Build configuration list for PBXProject "SlotMachine" */ = {
			isa = XCConfigurationList;
			buildConfigurations = (
				66C649421B394EE30056D5A7 /* Debug */,
				66C649431B394EE30056D5A7 /* Release */,
			);
			defaultConfigurationIsVisible = 0;
			defaultConfigurationName = Release;
		};
		66C649441B394EE30056D5A7 /* Build configuration list for PBXNativeTarget "SlotMachine" */ = {
			isa = XCConfigurationList;
			buildConfigurations = (
				66C649451B394EE30056D5A7 /* Debug */,
				66C649461B394EE30056D5A7 /* Release */,
			);
			defaultConfigurationIsVisible = 0;
		};
		66C649471B394EE30056D5A7 /* Build configuration list for PBXNativeTarget "SlotMachineTests" */ = {
			isa = XCConfigurationList;
			buildConfigurations = (
				66C649481B394EE30056D5A7 /* Debug */,
				66C649491B394EE30056D5A7 /* Release */,
			);
			defaultConfigurationIsVisible = 0;
		};
/* End XCConfigurationList section */
	};
	rootObject = 66C6491A1B394EE30056D5A7 /* Project object */;
}
